
Microsoft Visual Studio Solution File, Format Version 12.00
# Visual Studio Version 16
VisualStudioVersion = 16.0.30907.101
MinimumVisualStudioVersion = 10.0.40219.1
Project("{888888A0-9F3D-457C-B088-3A5042F75D52}") = "GetFundInformation", "GetFundInformation.pyproj", "{8CC852F0-623C-4567-A875-4913AE387ED2}"
EndProject
Global
	GlobalSection(SolutionConfigurationPlatforms) = preSolution
		Debug|Any CPU = Debug|Any CPU
		Release|Any CPU = Release|Any CPU
	EndGlobalSection
	GlobalSection(ProjectConfigurationPlatforms) = postSolution
		{8CC852F0-623C-4567-A875-4913AE387ED2}.Debug|Any CPU.ActiveCfg = Debug|Any CPU
		{8CC852F0-623C-4567-A875-4913AE387ED2}.Release|Any CPU.ActiveCfg = Release|Any CPU
	EndGlobalSection
	GlobalSection(SolutionProperties) = preSolution
		HideSolutionNode = FALSE
	EndGlobalSection
	GlobalSection(ExtensibilityGlobals) = postSolution
		SolutionGuid = {A9D13260-417D-4457-831C-642A7CE7AD9A}
	EndGlobalSection
EndGlobal
